{
  "name": "html-augmentation",
  "version": "1.0.0",
  "lockfileVersion": 2,
  "requires": true,
  "packages": {
    "": {
      "name": "html-augmentation",
      "version": "1.0.0",
      "license": "ISC",
      "dependencies": {
        "computed-style-to-inline-style": "^3.0.0",
        "get-xpath": "^3.0.1"
      }
    },
    "node_modules/computed-style-to-inline-style": {
      "version": "3.0.0",
      "resolved": "https://registry.npmjs.org/computed-style-to-inline-style/-/computed-style-to-inline-style-3.0.0.tgz",
      "integrity": "sha1-klECRGPFVcfhdo13oZ66m49Bivw="
    },
    "node_modules/get-xpath": {
      "version": "3.0.1",
      "resolved": "https://registry.npmjs.org/get-xpath/-/get-xpath-3.0.1.tgz",
      "integrity": "sha512-GWG+RbJ7VE40rn4/NYYGojQbgN3Eha0s223ZSz1IhHFcGlMU+X7H5Iyrbuz6csiWqedAKplpS3udLw9X1nqX5Q=="
    }
  },
  "dependencies": {
    "computed-style-to-inline-style": {
      "version": "3.0.0",
      "resolved": "https://registry.npmjs.org/computed-style-to-inline-style/-/computed-style-to-inline-style-3.0.0.tgz",
      "integrity": "sha1-klECRGPFVcfhdo13oZ66m49Bivw="
    },
    "get-xpath": {
      "version": "3.0.1",
      "resolved": "https://registry.npmjs.org/get-xpath/-/get-xpath-3.0.1.tgz",
      "integrity": "sha512-GWG+RbJ7VE40rn4/NYYGojQbgN3Eha0s223ZSz1IhHFcGlMU+X7H5Iyrbuz6csiWqedAKplpS3udLw9X1nqX5Q=="
    }
  }
}
